// !$*UTF8*$!
{
	archiveVersion = 1;
	classes = {
	};
	objectVersion = 56;
	objects = {

/* Begin PBXBuildFile section */
		5A0E7BBF2C32FBEE005CF67E /* AppDelegate.swift in Sources */ = {isa = PBXBuildFile; fileRef = 5A0E7BBE2C32FBEE005CF67E /* AppDelegate.swift */; };
		5A0E7BC12C32FBEE005CF67E /* SceneDelegate.swift in Sources */ = {isa = PBXBuildFile; fileRef = 5A0E7BC02C32FBEE005CF67E /* SceneDelegate.swift */; };
		5A0E7BC32C32FBEE005CF67E /* ViewController.swift in Sources */ = {isa = PBXBuildFile; fileRef = 5A0E7BC22C32FBEE005CF67E /* ViewController.swift */; };
		5A0E7BC62C32FBEE005CF67E /* Main.storyboard in Resources */ = {isa = PBXBuildFile; fileRef = 5A0E7BC42C32FBEE005CF67E /* Main.storyboard */; };
		5A0E7BC92C32FBEE005CF67E /* MoviesApp.xcdatamodeld in Sources */ = {isa = PBXBuildFile; fileRef = 5A0E7BC72C32FBEE005CF67E /* MoviesApp.xcdatamodeld */; };
		5A0E7BCB2C32FBF0005CF67E /* Assets.xcassets in Resources */ = {isa = PBXBuildFile; fileRef = 5A0E7BCA2C32FBF0005CF67E /* Assets.xcassets */; };
		5A0E7BCE2C32FBF0005CF67E /* LaunchScreen.storyboard in Resources */ = {isa = PBXBuildFile; fileRef = 5A0E7BCC2C32FBF0005CF67E /* LaunchScreen.storyboard */; };
		5A0E7BE02C33071F005CF67E /* APIService.swift in Sources */ = {isa = PBXBuildFile; fileRef = 5A0E7BDF2C33071F005CF67E /* APIService.swift */; };
		5A0E7BE22C330847005CF67E /* Constants.swift in Sources */ = {isa = PBXBuildFile; fileRef = 5A0E7BE12C330847005CF67E /* Constants.swift */; };
		5A26900E2C36D15B006FE2D5 /* ProgressHUD.swift in Sources */ = {isa = PBXBuildFile; fileRef = 5A26900D2C36D15B006FE2D5 /* ProgressHUD.swift */; };
		5A4B3DD82C331680009048DF /* APIRequests.swift in Sources */ = {isa = PBXBuildFile; fileRef = 5A4B3DD72C331680009048DF /* APIRequests.swift */; };
		5A4B3DDA2C3317EB009048DF /* MoviesModel.swift in Sources */ = {isa = PBXBuildFile; fileRef = 5A4B3DD92C3317EB009048DF /* MoviesModel.swift */; };
		5A4B3DDC2C336CB9009048DF /* StorageManager.swift in Sources */ = {isa = PBXBuildFile; fileRef = 5A4B3DDB2C336CB9009048DF /* StorageManager.swift */; };
		5A4B3DDE2C336D79009048DF /* Encodable+Extension.swift in Sources */ = {isa = PBXBuildFile; fileRef = 5A4B3DDD2C336D79009048DF /* Encodable+Extension.swift */; };
		5AA4E50E2C35E0D900D37DBC /* MoviesModelEntity+CoreDataProperties.swift in Sources */ = {isa = PBXBuildFile; fileRef = 5AA4E50A2C35E0D900D37DBC /* MoviesModelEntity+CoreDataProperties.swift */; };
		5AA4E50F2C35E0D900D37DBC /* MoviesModelEntity+CoreDataClass.swift in Sources */ = {isa = PBXBuildFile; fileRef = 5AA4E50B2C35E0D900D37DBC /* MoviesModelEntity+CoreDataClass.swift */; };
		5AA4E5102C35E0D900D37DBC /* MovieModelEntity+CoreDataClass.swift in Sources */ = {isa = PBXBuildFile; fileRef = 5AA4E50C2C35E0D900D37DBC /* MovieModelEntity+CoreDataClass.swift */; };
		5AA4E5112C35E0D900D37DBC /* MovieModelEntity+CoreDataProperties.swift in Sources */ = {isa = PBXBuildFile; fileRef = 5AA4E50D2C35E0D900D37DBC /* MovieModelEntity+CoreDataProperties.swift */; };
		5AA4E5132C369E1400D37DBC /* NetworkReachabilityManager.swift in Sources */ = {isa = PBXBuildFile; fileRef = 5AA4E5122C369E1400D37DBC /* NetworkReachabilityManager.swift */; };
		5AA4E5182C36BB3300D37DBC /* Localizable.strings in Resources */ = {isa = PBXBuildFile; fileRef = 5AA4E51A2C36BB3300D37DBC /* Localizable.strings */; };
		5AA4E51D2C36BE1200D37DBC /* Localization+Extension.swift in Sources */ = {isa = PBXBuildFile; fileRef = 5AA4E51C2C36BE1200D37DBC /* Localization+Extension.swift */; };
		5AA4E51F2C36BE5800D37DBC /* String+Extension.swift in Sources */ = {isa = PBXBuildFile; fileRef = 5AA4E51E2C36BE5800D37DBC /* String+Extension.swift */; };
		5AA4E5222C36C2C800D37DBC /* BaseViewController.swift in Sources */ = {isa = PBXBuildFile; fileRef = 5AA4E5212C36C2C700D37DBC /* BaseViewController.swift */; };
		5AA4E5242C36C37300D37DBC /* BundleLocalization+Extension.swift in Sources */ = {isa = PBXBuildFile; fileRef = 5AA4E5232C36C37300D37DBC /* BundleLocalization+Extension.swift */; };
		9C20BF605013DC386E559F40 /* Pods_MoviesApp.framework in Frameworks */ = {isa = PBXBuildFile; fileRef = 01F4A80D51D04C1611DA2854 /* Pods_MoviesApp.framework */; };
/* End PBXBuildFile section */

/* Begin PBXFileReference section */
		01F4A80D51D04C1611DA2854 /* Pods_MoviesApp.framework */ = {isa = PBXFileReference; explicitFileType = wrapper.framework; includeInIndex = 0; path = Pods_MoviesApp.framework; sourceTree = BUILT_PRODUCTS_DIR; };
		284F9DC72ABD20ED50B107B4 /* Pods-MoviesApp.debug.xcconfig */ = {isa = PBXFileReference; includeInIndex = 1; lastKnownFileType = text.xcconfig; name = "Pods-MoviesApp.debug.xcconfig"; path = "Target Support Files/Pods-MoviesApp/Pods-MoviesApp.debug.xcconfig"; sourceTree = "<group>"; };
		4F1FCAFF662E851CBC1E966A /* Pods-MoviesApp.release.xcconfig */ = {isa = PBXFileReference; includeInIndex = 1; lastKnownFileType = text.xcconfig; name = "Pods-MoviesApp.release.xcconfig"; path = "Target Support Files/Pods-MoviesApp/Pods-MoviesApp.release.xcconfig"; sourceTree = "<group>"; };
		5A0E7BBB2C32FBEE005CF67E /* MoviesApp.app */ = {isa = PBXFileReference; explicitFileType = wrapper.application; includeInIndex = 0; path = MoviesApp.app; sourceTree = BUILT_PRODUCTS_DIR; };
		5A0E7BBE2C32FBEE005CF67E /* AppDelegate.swift */ = {isa = PBXFileReference; lastKnownFileType = sourcecode.swift; path = AppDelegate.swift; sourceTree = "<group>"; };
		5A0E7BC02C32FBEE005CF67E /* SceneDelegate.swift */ = {isa = PBXFileReference; lastKnownFileType = sourcecode.swift; path = SceneDelegate.swift; sourceTree = "<group>"; };
		5A0E7BC22C32FBEE005CF67E /* ViewController.swift */ = {isa = PBXFileReference; lastKnownFileType = sourcecode.swift; path = ViewController.swift; sourceTree = "<group>"; };
		5A0E7BC52C32FBEE005CF67E /* Base */ = {isa = PBXFileReference; lastKnownFileType = file.storyboard; name = Base; path = Base.lproj/Main.storyboard; sourceTree = "<group>"; };
		5A0E7BC82C32FBEE005CF67E /* MoviesApp.xcdatamodel */ = {isa = PBXFileReference; lastKnownFileType = wrapper.xcdatamodel; path = MoviesApp.xcdatamodel; sourceTree = "<group>"; };
		5A0E7BCA2C32FBF0005CF67E /* Assets.xcassets */ = {isa = PBXFileReference; lastKnownFileType = folder.assetcatalog; path = Assets.xcassets; sourceTree = "<group>"; };
		5A0E7BCD2C32FBF0005CF67E /* Base */ = {isa = PBXFileReference; lastKnownFileType = file.storyboard; name = Base; path = Base.lproj/LaunchScreen.storyboard; sourceTree = "<group>"; };
		5A0E7BCF2C32FBF0005CF67E /* Info.plist */ = {isa = PBXFileReference; lastKnownFileType = text.plist.xml; path = Info.plist; sourceTree = "<group>"; };
		5A0E7BDF2C33071F005CF67E /* APIService.swift */ = {isa = PBXFileReference; lastKnownFileType = sourcecode.swift; path = APIService.swift; sourceTree = "<group>"; };
		5A0E7BE12C330847005CF67E /* Constants.swift */ = {isa = PBXFileReference; lastKnownFileType = sourcecode.swift; path = Constants.swift; sourceTree = "<group>"; };
		5A26900D2C36D15B006FE2D5 /* ProgressHUD.swift */ = {isa = PBXFileReference; lastKnownFileType = sourcecode.swift; path = ProgressHUD.swift; sourceTree = "<group>"; };
		5A4B3DD72C331680009048DF /* APIRequests.swift */ = {isa = PBXFileReference; lastKnownFileType = sourcecode.swift; path = APIRequests.swift; sourceTree = "<group>"; };
		5A4B3DD92C3317EB009048DF /* MoviesModel.swift */ = {isa = PBXFileReference; lastKnownFileType = sourcecode.swift; path = MoviesModel.swift; sourceTree = "<group>"; };
		5A4B3DDB2C336CB9009048DF /* StorageManager.swift */ = {isa = PBXFileReference; lastKnownFileType = sourcecode.swift; path = StorageManager.swift; sourceTree = "<group>"; };
		5A4B3DDD2C336D79009048DF /* Encodable+Extension.swift */ = {isa = PBXFileReference; lastKnownFileType = sourcecode.swift; path = "Encodable+Extension.swift"; sourceTree = "<group>"; };
		5AA4E50A2C35E0D900D37DBC /* MoviesModelEntity+CoreDataProperties.swift */ = {isa = PBXFileReference; fileEncoding = 4; lastKnownFileType = sourcecode.swift; path = "MoviesModelEntity+CoreDataProperties.swift"; sourceTree = "<group>"; };
		5AA4E50B2C35E0D900D37DBC /* MoviesModelEntity+CoreDataClass.swift */ = {isa = PBXFileReference; fileEncoding = 4; lastKnownFileType = sourcecode.swift; path = "MoviesModelEntity+CoreDataClass.swift"; sourceTree = "<group>"; };
		5AA4E50C2C35E0D900D37DBC /* MovieModelEntity+CoreDataClass.swift */ = {isa = PBXFileReference; fileEncoding = 4; lastKnownFileType = sourcecode.swift; path = "MovieModelEntity+CoreDataClass.swift"; sourceTree = "<group>"; };
		5AA4E50D2C35E0D900D37DBC /* MovieModelEntity+CoreDataProperties.swift */ = {isa = PBXFileReference; fileEncoding = 4; lastKnownFileType = sourcecode.swift; path = "MovieModelEntity+CoreDataProperties.swift"; sourceTree = "<group>"; };
		5AA4E5122C369E1400D37DBC /* NetworkReachabilityManager.swift */ = {isa = PBXFileReference; lastKnownFileType = sourcecode.swift; path = NetworkReachabilityManager.swift; sourceTree = "<group>"; };
		5AA4E5192C36BB3300D37DBC /* en */ = {isa = PBXFileReference; lastKnownFileType = text.plist.strings; name = en; path = en.lproj/Localizable.strings; sourceTree = "<group>"; };
		5AA4E51B2C36BB4900D37DBC /* uk */ = {isa = PBXFileReference; lastKnownFileType = text.plist.strings; name = uk; path = uk.lproj/Localizable.strings; sourceTree = "<group>"; };
		5AA4E51C2C36BE1200D37DBC /* Localization+Extension.swift */ = {isa = PBXFileReference; lastKnownFileType = sourcecode.swift; path = "Localization+Extension.swift"; sourceTree = "<group>"; };
		5AA4E51E2C36BE5800D37DBC /* String+Extension.swift */ = {isa = PBXFileReference; lastKnownFileType = sourcecode.swift; path = "String+Extension.swift"; sourceTree = "<group>"; };
		5AA4E5212C36C2C700D37DBC /* BaseViewController.swift */ = {isa = PBXFileReference; lastKnownFileType = sourcecode.swift; path = BaseViewController.swift; sourceTree = "<group>"; };
		5AA4E5232C36C37300D37DBC /* BundleLocalization+Extension.swift */ = {isa = PBXFileReference; lastKnownFileType = sourcecode.swift; path = "BundleLocalization+Extension.swift"; sourceTree = "<group>"; };
/* End PBXFileReference section */

/* Begin PBXFrameworksBuildPhase section */
		5A0E7BB82C32FBEE005CF67E /* Frameworks */ = {
			isa = PBXFrameworksBuildPhase;
			buildActionMask = 2147483647;
			files = (
				9C20BF605013DC386E559F40 /* Pods_MoviesApp.framework in Frameworks */,
			);
			runOnlyForDeploymentPostprocessing = 0;
		};
/* End PBXFrameworksBuildPhase section */

/* Begin PBXGroup section */
		3542B6EB1719B5832CE74FB8 /* Frameworks */ = {
			isa = PBXGroup;
			children = (
				01F4A80D51D04C1611DA2854 /* Pods_MoviesApp.framework */,
			);
			name = Frameworks;
			sourceTree = "<group>";
		};
		5A0E7BB22C32FBEE005CF67E = {
			isa = PBXGroup;
			children = (
				5A0E7BBD2C32FBEE005CF67E /* MoviesApp */,
				5A0E7BBC2C32FBEE005CF67E /* Products */,
				7A633AF5CA092B7735D5EBEE /* Pods */,
				3542B6EB1719B5832CE74FB8 /* Frameworks */,
			);
			sourceTree = "<group>";
		};
		5A0E7BBC2C32FBEE005CF67E /* Products */ = {
			isa = PBXGroup;
			children = (
				5A0E7BBB2C32FBEE005CF67E /* MoviesApp.app */,
			);
			name = Products;
			sourceTree = "<group>";
		};
		5A0E7BBD2C32FBEE005CF67E /* MoviesApp */ = {
			isa = PBXGroup;
			children = (
				5A0E7BC22C32FBEE005CF67E /* ViewController.swift */,
				5A0E7BD82C33027D005CF67E /* Flows */,
				5A0E7BD92C3302A6005CF67E /* Services */,
				5A0E7BD62C32FE70005CF67E /* Utilities */,
				5A0E7BD52C32FE64005CF67E /* AppLevel */,
				5A0E7BC72C32FBEE005CF67E /* MoviesApp.xcdatamodeld */,
			);
			path = MoviesApp;
			sourceTree = "<group>";
		};
		5A0E7BD52C32FE64005CF67E /* AppLevel */ = {
			isa = PBXGroup;
			children = (
				5A0E7BBE2C32FBEE005CF67E /* AppDelegate.swift */,
				5A0E7BC02C32FBEE005CF67E /* SceneDelegate.swift */,
				5A0E7BCA2C32FBF0005CF67E /* Assets.xcassets */,
				5A0E7BCC2C32FBF0005CF67E /* LaunchScreen.storyboard */,
				5A0E7BCF2C32FBF0005CF67E /* Info.plist */,
			);
			path = AppLevel;
			sourceTree = "<group>";
		};
		5A0E7BD62C32FE70005CF67E /* Utilities */ = {
			isa = PBXGroup;
			children = (
				5AA4E5202C36C2A900D37DBC /* UIItems */,
				5A0E7BDC2C3302F1005CF67E /* Extensions */,
				5A0E7BD72C32FE7B005CF67E /* Constants */,
			);
			path = Utilities;
			sourceTree = "<group>";
		};
		5A0E7BD72C32FE7B005CF67E /* Constants */ = {
			isa = PBXGroup;
			children = (
				5A0E7BDE2C3303BC005CF67E /* Localization */,
				5A0E7BE12C330847005CF67E /* Constants.swift */,
			);
			path = Constants;
			sourceTree = "<group>";
		};
		5A0E7BD82C33027D005CF67E /* Flows */ = {
			isa = PBXGroup;
			children = (
				5A0E7BC42C32FBEE005CF67E /* Main.storyboard */,
				5A4B3DD92C3317EB009048DF /* MoviesModel.swift */,
			);
			path = Flows;
			sourceTree = "<group>";
		};
		5A0E7BD92C3302A6005CF67E /* Services */ = {
			isa = PBXGroup;
			children = (
				5A0E7BDB2C3302D5005CF67E /* CoreData */,
				5A0E7BDA2C3302CB005CF67E /* API */,
				5AA4E5122C369E1400D37DBC /* NetworkReachabilityManager.swift */,
			);
			path = Services;
			sourceTree = "<group>";
		};
		5A0E7BDA2C3302CB005CF67E /* API */ = {
			isa = PBXGroup;
			children = (
				5A0E7BDF2C33071F005CF67E /* APIService.swift */,
				5A4B3DD72C331680009048DF /* APIRequests.swift */,
			);
			path = API;
			sourceTree = "<group>";
		};
		5A0E7BDB2C3302D5005CF67E /* CoreData */ = {
			isa = PBXGroup;
			children = (
				5A4B3DDB2C336CB9009048DF /* StorageManager.swift */,
				5AA4E4F12C35D94300D37DBC /* CoreDataModels */,
			);
			path = CoreData;
			sourceTree = "<group>";
		};
		5A0E7BDC2C3302F1005CF67E /* Extensions */ = {
			isa = PBXGroup;
			children = (
				5A0E7BDD2C3303A7005CF67E /* Localization */,
				5A4B3DDD2C336D79009048DF /* Encodable+Extension.swift */,
				5AA4E51E2C36BE5800D37DBC /* String+Extension.swift */,
			);
			path = Extensions;
			sourceTree = "<group>";
		};
		5A0E7BDD2C3303A7005CF67E /* Localization */ = {
			isa = PBXGroup;
			children = (
				5AA4E51C2C36BE1200D37DBC /* Localization+Extension.swift */,
				5AA4E5232C36C37300D37DBC /* BundleLocalization+Extension.swift */,
			);
			path = Localization;
			sourceTree = "<group>";
		};
		5A0E7BDE2C3303BC005CF67E /* Localization */ = {
			isa = PBXGroup;
			children = (
				5AA4E51A2C36BB3300D37DBC /* Localizable.strings */,
			);
			path = Localization;
			sourceTree = "<group>";
		};
		5AA4E4F12C35D94300D37DBC /* CoreDataModels */ = {
			isa = PBXGroup;
			children = (
				5AA4E50C2C35E0D900D37DBC /* MovieModelEntity+CoreDataClass.swift */,
				5AA4E50D2C35E0D900D37DBC /* MovieModelEntity+CoreDataProperties.swift */,
				5AA4E50B2C35E0D900D37DBC /* MoviesModelEntity+CoreDataClass.swift */,
				5AA4E50A2C35E0D900D37DBC /* MoviesModelEntity+CoreDataProperties.swift */,
			);
			path = CoreDataModels;
			sourceTree = "<group>";
		};
		5AA4E5202C36C2A900D37DBC /* UIItems */ = {
			isa = PBXGroup;
			children = (
				5AA4E5212C36C2C700D37DBC /* BaseViewController.swift */,
				5A26900D2C36D15B006FE2D5 /* ProgressHUD.swift */,
			);
			path = UIItems;
			sourceTree = "<group>";
		};
		7A633AF5CA092B7735D5EBEE /* Pods */ = {
			isa = PBXGroup;
			children = (
				284F9DC72ABD20ED50B107B4 /* Pods-MoviesApp.debug.xcconfig */,
				4F1FCAFF662E851CBC1E966A /* Pods-MoviesApp.release.xcconfig */,
			);
			path = Pods;
			sourceTree = "<group>";
		};
/* End PBXGroup section */

/* Begin PBXNativeTarget section */
		5A0E7BBA2C32FBEE005CF67E /* MoviesApp */ = {
			isa = PBXNativeTarget;
			buildConfigurationList = 5A0E7BD22C32FBF0005CF67E /* Build configuration list for PBXNativeTarget "MoviesApp" */;
			buildPhases = (
				19604EAA766F60F2B4C32F3C /* [CP] Check Pods Manifest.lock */,
				5A0E7BB72C32FBEE005CF67E /* Sources */,
				5A0E7BB82C32FBEE005CF67E /* Frameworks */,
				5A0E7BB92C32FBEE005CF67E /* Resources */,
				B84995419E02E98FD32CC72A /* [CP] Embed Pods Frameworks */,
			);
			buildRules = (
			);
			dependencies = (
			);
			name = MoviesApp;
			productName = MoviesApp;
			productReference = 5A0E7BBB2C32FBEE005CF67E /* MoviesApp.app */;
			productType = "com.apple.product-type.application";
		};
/* End PBXNativeTarget section */

/* Begin PBXProject section */
		5A0E7BB32C32FBEE005CF67E /* Project object */ = {
			isa = PBXProject;
			attributes = {
				BuildIndependentTargetsInParallel = 1;
				LastSwiftUpdateCheck = 1520;
				LastUpgradeCheck = 1520;
				TargetAttributes = {
					5A0E7BBA2C32FBEE005CF67E = {
						CreatedOnToolsVersion = 15.2;
					};
				};
			};
			buildConfigurationList = 5A0E7BB62C32FBEE005CF67E /* Build configuration list for PBXProject "MoviesApp" */;
			compatibilityVersion = "Xcode 14.0";
			developmentRegion = en;
			hasScannedForEncodings = 0;
			knownRegions = (
				en,
				Base,
				uk,
			);
			mainGroup = 5A0E7BB22C32FBEE005CF67E;
			productRefGroup = 5A0E7BBC2C32FBEE005CF67E /* Products */;
			projectDirPath = "";
			projectRoot = "";
			targets = (
				5A0E7BBA2C32FBEE005CF67E /* MoviesApp */,
			);
		};
/* End PBXProject section */

/* Begin PBXResourcesBuildPhase section */
		5A0E7BB92C32FBEE005CF67E /* Resources */ = {
			isa = PBXResourcesBuildPhase;
			buildActionMask = 2147483647;
			files = (
				5A0E7BCE2C32FBF0005CF67E /* LaunchScreen.storyboard in Resources */,
				5AA4E5182C36BB3300D37DBC /* Localizable.strings in Resources */,
				5A0E7BCB2C32FBF0005CF67E /* Assets.xcassets in Resources */,
				5A0E7BC62C32FBEE005CF67E /* Main.storyboard in Resources */,
			);
			runOnlyForDeploymentPostprocessing = 0;
		};
/* End PBXResourcesBuildPhase section */

/* Begin PBXShellScriptBuildPhase section */
		19604EAA766F60F2B4C32F3C /* [CP] Check Pods Manifest.lock */ = {
			isa = PBXShellScriptBuildPhase;
			buildActionMask = 2147483647;
			files = (
			);
			inputFileListPaths = (
			);
			inputPaths = (
				"${PODS_PODFILE_DIR_PATH}/Podfile.lock",
				"${PODS_ROOT}/Manifest.lock",
			);
			name = "[CP] Check Pods Manifest.lock";
			outputFileListPaths = (
			);
			outputPaths = (
				"$(DERIVED_FILE_DIR)/Pods-MoviesApp-checkManifestLockResult.txt",
			);
			runOnlyForDeploymentPostprocessing = 0;
			shellPath = /bin/sh;
			shellScript = "diff \"${PODS_PODFILE_DIR_PATH}/Podfile.lock\" \"${PODS_ROOT}/Manifest.lock\" > /dev/null\nif [ $? != 0 ] ; then\n    # print error to STDERR\n    echo \"error: The sandbox is not in sync with the Podfile.lock. Run 'pod install' or update your CocoaPods installation.\" >&2\n    exit 1\nfi\n# This output is used by Xcode 'outputs' to avoid re-running this script phase.\necho \"SUCCESS\" > \"${SCRIPT_OUTPUT_FILE_0}\"\n";
			showEnvVarsInLog = 0;
		};
		B84995419E02E98FD32CC72A /* [CP] Embed Pods Frameworks */ = {
			isa = PBXShellScriptBuildPhase;
			buildActionMask = 2147483647;
			files = (
			);
			inputFileListPaths = (
				"${PODS_ROOT}/Target Support Files/Pods-MoviesApp/Pods-MoviesApp-frameworks-${CONFIGURATION}-input-files.xcfilelist",
			);
			name = "[CP] Embed Pods Frameworks";
			outputFileListPaths = (
				"${PODS_ROOT}/Target Support Files/Pods-MoviesApp/Pods-MoviesApp-frameworks-${CONFIGURATION}-output-files.xcfilelist",
			);
			runOnlyForDeploymentPostprocessing = 0;
			shellPath = /bin/sh;
			shellScript = "\"${PODS_ROOT}/Target Support Files/Pods-MoviesApp/Pods-MoviesApp-frameworks.sh\"\n";
			showEnvVarsInLog = 0;
		};
/* End PBXShellScriptBuildPhase section */

/* Begin PBXSourcesBuildPhase section */
		5A0E7BB72C32FBEE005CF67E /* Sources */ = {
			isa = PBXSourcesBuildPhase;
			buildActionMask = 2147483647;
			files = (
				5A0E7BC32C32FBEE005CF67E /* ViewController.swift in Sources */,
				5AA4E5112C35E0D900D37DBC /* MovieModelEntity+CoreDataProperties.swift in Sources */,
				5AA4E5102C35E0D900D37DBC /* MovieModelEntity+CoreDataClass.swift in Sources */,
				5AA4E50F2C35E0D900D37DBC /* MoviesModelEntity+CoreDataClass.swift in Sources */,
				5A0E7BE02C33071F005CF67E /* APIService.swift in Sources */,
				5AA4E5222C36C2C800D37DBC /* BaseViewController.swift in Sources */,
				5AA4E50E2C35E0D900D37DBC /* MoviesModelEntity+CoreDataProperties.swift in Sources */,
				5A4B3DDA2C3317EB009048DF /* MoviesModel.swift in Sources */,
				5A4B3DDE2C336D79009048DF /* Encodable+Extension.swift in Sources */,
				5AA4E51F2C36BE5800D37DBC /* String+Extension.swift in Sources */,
				5AA4E5242C36C37300D37DBC /* BundleLocalization+Extension.swift in Sources */,
				5AA4E51D2C36BE1200D37DBC /* Localization+Extension.swift in Sources */,
				5A4B3DDC2C336CB9009048DF /* StorageManager.swift in Sources */,
				5A4B3DD82C331680009048DF /* APIRequests.swift in Sources */,
				5AA4E5132C369E1400D37DBC /* NetworkReachabilityManager.swift in Sources */,
				5A0E7BBF2C32FBEE005CF67E /* AppDelegate.swift in Sources */,
				5A0E7BC92C32FBEE005CF67E /* MoviesApp.xcdatamodeld in Sources */,
				5A0E7BC12C32FBEE005CF67E /* SceneDelegate.swift in Sources */,
				5A26900E2C36D15B006FE2D5 /* ProgressHUD.swift in Sources */,
				5A0E7BE22C330847005CF67E /* Constants.swift in Sources */,
			);
			runOnlyForDeploymentPostprocessing = 0;
		};
/* End PBXSourcesBuildPhase section */

/* Begin PBXVariantGroup section */
		5A0E7BC42C32FBEE005CF67E /* Main.storyboard */ = {
			isa = PBXVariantGroup;
			children = (
				5A0E7BC52C32FBEE005CF67E /* Base */,
			);
			name = Main.storyboard;
			sourceTree = "<group>";
		};
		5A0E7BCC2C32FBF0005CF67E /* LaunchScreen.storyboard */ = {
			isa = PBXVariantGroup;
			children = (
				5A0E7BCD2C32FBF0005CF67E /* Base */,
			);
			name = LaunchScreen.storyboard;
			sourceTree = "<group>";
		};
		5AA4E51A2C36BB3300D37DBC /* Localizable.strings */ = {
			isa = PBXVariantGroup;
			children = (
				5AA4E5192C36BB3300D37DBC /* en */,
				5AA4E51B2C36BB4900D37DBC /* uk */,
			);
			name = Localizable.strings;
			sourceTree = "<group>";
		};
/* End PBXVariantGroup section */

/* Begin XCBuildConfiguration section */
		5A0E7BD02C32FBF0005CF67E /* Debug */ = {
			isa = XCBuildConfiguration;
			buildSettings = {
				ALWAYS_SEARCH_USER_PATHS = NO;
				ASSETCATALOG_COMPILER_GENERATE_SWIFT_ASSET_SYMBOL_EXTENSIONS = YES;
				CLANG_ANALYZER_LOCALIZABILITY_NONLOCALIZED = YES;
				CLANG_ANALYZER_NONNULL = YES;
				CLANG_ANALYZER_NUMBER_OBJECT_CONVERSION = YES_AGGRESSIVE;
				CLANG_CXX_LANGUAGE_STANDARD = "gnu++20";
				CLANG_ENABLE_MODULES = YES;
				CLANG_ENABLE_OBJC_ARC = YES;
				CLANG_ENABLE_OBJC_WEAK = YES;
				CLANG_WARN_BLOCK_CAPTURE_AUTORELEASING = YES;
				CLANG_WARN_BOOL_CONVERSION = YES;
				CLANG_WARN_COMMA = YES;
				CLANG_WARN_CONSTANT_CONVERSION = YES;
				CLANG_WARN_DEPRECATED_OBJC_IMPLEMENTATIONS = YES;
				CLANG_WARN_DIRECT_OBJC_ISA_USAGE = YES_ERROR;
				CLANG_WARN_DOCUMENTATION_COMMENTS = YES;
				CLANG_WARN_EMPTY_BODY = YES;
				CLANG_WARN_ENUM_CONVERSION = YES;
				CLANG_WARN_INFINITE_RECURSION = YES;
				CLANG_WARN_INT_CONVERSION = YES;
				CLANG_WARN_NON_LITERAL_NULL_CONVERSION = YES;
				CLANG_WARN_OBJC_IMPLICIT_RETAIN_SELF = YES;
				CLANG_WARN_OBJC_LITERAL_CONVERSION = YES;
				CLANG_WARN_OBJC_ROOT_CLASS = YES_ERROR;
				CLANG_WARN_QUOTED_INCLUDE_IN_FRAMEWORK_HEADER = YES;
				CLANG_WARN_RANGE_LOOP_ANALYSIS = YES;
				CLANG_WARN_STRICT_PROTOTYPES = YES;
				CLANG_WARN_SUSPICIOUS_MOVE = YES;
				CLANG_WARN_UNGUARDED_AVAILABILITY = YES_AGGRESSIVE;
				CLANG_WARN_UNREACHABLE_CODE = YES;
				CLANG_WARN__DUPLICATE_METHOD_MATCH = YES;
				COPY_PHASE_STRIP = NO;
				DEBUG_INFORMATION_FORMAT = dwarf;
				ENABLE_STRICT_OBJC_MSGSEND = YES;
				ENABLE_TESTABILITY = YES;
				ENABLE_USER_SCRIPT_SANDBOXING = NO;
				GCC_C_LANGUAGE_STANDARD = gnu17;
				GCC_DYNAMIC_NO_PIC = NO;
				GCC_NO_COMMON_BLOCKS = YES;
				GCC_OPTIMIZATION_LEVEL = 0;
				GCC_PREPROCESSOR_DEFINITIONS = (
					"DEBUG=1",
					"$(inherited)",
				);
				GCC_WARN_64_TO_32_BIT_CONVERSION = YES;
				GCC_WARN_ABOUT_RETURN_TYPE = YES_ERROR;
				GCC_WARN_UNDECLARED_SELECTOR = YES;
				GCC_WARN_UNINITIALIZED_AUTOS = YES_AGGRESSIVE;
				GCC_WARN_UNUSED_FUNCTION = YES;
				GCC_WARN_UNUSED_VARIABLE = YES;
				IPHONEOS_DEPLOYMENT_TARGET = 17.2;
				LOCALIZATION_PREFERS_STRING_CATALOGS = YES;
				MTL_ENABLE_DEBUG_INFO = INCLUDE_SOURCE;
				MTL_FAST_MATH = YES;
				ONLY_ACTIVE_ARCH = YES;
				SDKROOT = iphoneos;
				SWIFT_ACTIVE_COMPILATION_CONDITIONS = "DEBUG $(inherited)";
				SWIFT_OPTIMIZATION_LEVEL = "-Onone";
			};
			name = Debug;
		};
		5A0E7BD12C32FBF0005CF67E /* Release */ = {
			isa = XCBuildConfiguration;
			buildSettings = {
				ALWAYS_SEARCH_USER_PATHS = NO;
				ASSETCATALOG_COMPILER_GENERATE_SWIFT_ASSET_SYMBOL_EXTENSIONS = YES;
				CLANG_ANALYZER_LOCALIZABILITY_NONLOCALIZED = YES;
				CLANG_ANALYZER_NONNULL = YES;
				CLANG_ANALYZER_NUMBER_OBJECT_CONVERSION = YES_AGGRESSIVE;
				CLANG_CXX_LANGUAGE_STANDARD = "gnu++20";
				CLANG_ENABLE_MODULES = YES;
				CLANG_ENABLE_OBJC_ARC = YES;
				CLANG_ENABLE_OBJC_WEAK = YES;
				CLANG_WARN_BLOCK_CAPTURE_AUTORELEASING = YES;
				CLANG_WARN_BOOL_CONVERSION = YES;
				CLANG_WARN_COMMA = YES;
				CLANG_WARN_CONSTANT_CONVERSION = YES;
				CLANG_WARN_DEPRECATED_OBJC_IMPLEMENTATIONS = YES;
				CLANG_WARN_DIRECT_OBJC_ISA_USAGE = YES_ERROR;
				CLANG_WARN_DOCUMENTATION_COMMENTS = YES;
				CLANG_WARN_EMPTY_BODY = YES;
				CLANG_WARN_ENUM_CONVERSION = YES;
				CLANG_WARN_INFINITE_RECURSION = YES;
				CLANG_WARN_INT_CONVERSION = YES;
				CLANG_WARN_NON_LITERAL_NULL_CONVERSION = YES;
				CLANG_WARN_OBJC_IMPLICIT_RETAIN_SELF = YES;
				CLANG_WARN_OBJC_LITERAL_CONVERSION = YES;
				CLANG_WARN_OBJC_ROOT_CLASS = YES_ERROR;
				CLANG_WARN_QUOTED_INCLUDE_IN_FRAMEWORK_HEADER = YES;
				CLANG_WARN_RANGE_LOOP_ANALYSIS = YES;
				CLANG_WARN_STRICT_PROTOTYPES = YES;
				CLANG_WARN_SUSPICIOUS_MOVE = YES;
				CLANG_WARN_UNGUARDED_AVAILABILITY = YES_AGGRESSIVE;
				CLANG_WARN_UNREACHABLE_CODE = YES;
				CLANG_WARN__DUPLICATE_METHOD_MATCH = YES;
				COPY_PHASE_STRIP = NO;
				DEBUG_INFORMATION_FORMAT = "dwarf-with-dsym";
				ENABLE_NS_ASSERTIONS = NO;
				ENABLE_STRICT_OBJC_MSGSEND = YES;
				ENABLE_USER_SCRIPT_SANDBOXING = NO;
				GCC_C_LANGUAGE_STANDARD = gnu17;
				GCC_NO_COMMON_BLOCKS = YES;
				GCC_WARN_64_TO_32_BIT_CONVERSION = YES;
				GCC_WARN_ABOUT_RETURN_TYPE = YES_ERROR;
				GCC_WARN_UNDECLARED_SELECTOR = YES;
				GCC_WARN_UNINITIALIZED_AUTOS = YES_AGGRESSIVE;
				GCC_WARN_UNUSED_FUNCTION = YES;
				GCC_WARN_UNUSED_VARIABLE = YES;
				IPHONEOS_DEPLOYMENT_TARGET = 17.2;
				LOCALIZATION_PREFERS_STRING_CATALOGS = YES;
				MTL_ENABLE_DEBUG_INFO = NO;
				MTL_FAST_MATH = YES;
				SDKROOT = iphoneos;
				SWIFT_COMPILATION_MODE = wholemodule;
				VALIDATE_PRODUCT = YES;
			};
			name = Release;
		};
		5A0E7BD32C32FBF0005CF67E /* Debug */ = {
			isa = XCBuildConfiguration;
			baseConfigurationReference = 284F9DC72ABD20ED50B107B4 /* Pods-MoviesApp.debug.xcconfig */;
			buildSettings = {
				ASSETCATALOG_COMPILER_APPICON_NAME = AppIcon;
				ASSETCATALOG_COMPILER_GLOBAL_ACCENT_COLOR_NAME = AccentColor;
				CODE_SIGN_STYLE = Automatic;
				CURRENT_PROJECT_VERSION = 1;
				DEVELOPMENT_TEAM = W6DM9K3FP5;
				GENERATE_INFOPLIST_FILE = YES;
				INFOPLIST_FILE = MoviesApp/AppLevel/Info.plist;
				INFOPLIST_KEY_UIApplicationSupportsIndirectInputEvents = YES;
				INFOPLIST_KEY_UILaunchStoryboardName = LaunchScreen;
				INFOPLIST_KEY_UIMainStoryboardFile = Main;
				INFOPLIST_KEY_UISupportedInterfaceOrientations_iPad = "UIInterfaceOrientationPortrait UIInterfaceOrientationPortraitUpsideDown UIInterfaceOrientationLandscapeLeft UIInterfaceOrientationLandscapeRight";
				INFOPLIST_KEY_UISupportedInterfaceOrientations_iPhone = "UIInterfaceOrientationPortrait UIInterfaceOrientationLandscapeLeft UIInterfaceOrientationLandscapeRight";
				IPHONEOS_DEPLOYMENT_TARGET = 15.0;
				LD_RUNPATH_SEARCH_PATHS = (
					"$(inherited)",
					"@executable_path/Frameworks",
				);
				MARKETING_VERSION = 1.0;
				PRODUCT_BUNDLE_IDENTIFIER = adler.MoviesApp;
				PRODUCT_NAME = "$(TARGET_NAME)";
				SWIFT_EMIT_LOC_STRINGS = YES;
				SWIFT_VERSION = 5.0;
				TARGETED_DEVICE_FAMILY = "1,2";
			};
			name = Debug;
		};
		5A0E7BD42C32FBF0005CF67E /* Release */ = {
			isa = XCBuildConfiguration;
			baseConfigurationReference = 4F1FCAFF662E851CBC1E966A /* Pods-MoviesApp.release.xcconfig */;
			buildSettings = {
				ASSETCATALOG_COMPILER_APPICON_NAME = AppIcon;
				ASSETCATALOG_COMPILER_GLOBAL_ACCENT_COLOR_NAME = AccentColor;
				CODE_SIGN_STYLE = Automatic;
				CURRENT_PROJECT_VERSION = 1;
				DEVELOPMENT_TEAM = W6DM9K3FP5;
				GENERATE_INFOPLIST_FILE = YES;
				INFOPLIST_FILE = MoviesApp/AppLevel/Info.plist;
				INFOPLIST_KEY_UIApplicationSupportsIndirectInputEvents = YES;
				INFOPLIST_KEY_UILaunchStoryboardName = LaunchScreen;
				INFOPLIST_KEY_UIMainStoryboardFile = Main;
				INFOPLIST_KEY_UISupportedInterfaceOrientations_iPad = "UIInterfaceOrientationPortrait UIInterfaceOrientationPortraitUpsideDown UIInterfaceOrientationLandscapeLeft UIInterfaceOrientationLandscapeRight";
				INFOPLIST_KEY_UISupportedInterfaceOrientations_iPhone = "UIInterfaceOrientationPortrait UIInterfaceOrientationLandscapeLeft UIInterfaceOrientationLandscapeRight";
				IPHONEOS_DEPLOYMENT_TARGET = 15.0;
				LD_RUNPATH_SEARCH_PATHS = (
					"$(inherited)",
					"@executable_path/Frameworks",
				);
				MARKETING_VERSION = 1.0;
				PRODUCT_BUNDLE_IDENTIFIER = adler.MoviesApp;
				PRODUCT_NAME = "$(TARGET_NAME)";
				SWIFT_EMIT_LOC_STRINGS = YES;
				SWIFT_VERSION = 5.0;
				TARGETED_DEVICE_FAMILY = "1,2";
			};
			name = Release;
		};
/* End XCBuildConfiguration section */

/* Begin XCConfigurationList section */
		5A0E7BB62C32FBEE005CF67E /* Build configuration list for PBXProject "MoviesApp" */ = {
			isa = XCConfigurationList;
			buildConfigurations = (
				5A0E7BD02C32FBF0005CF67E /* Debug */,
				5A0E7BD12C32FBF0005CF67E /* Release */,
			);
			defaultConfigurationIsVisible = 0;
			defaultConfigurationName = Release;
		};
		5A0E7BD22C32FBF0005CF67E /* Build configuration list for PBXNativeTarget "MoviesApp" */ = {
			isa = XCConfigurationList;
			buildConfigurations = (
				5A0E7BD32C32FBF0005CF67E /* Debug */,
				5A0E7BD42C32FBF0005CF67E /* Release */,
			);
			defaultConfigurationIsVisible = 0;
			defaultConfigurationName = Release;
		};
/* End XCConfigurationList section */

/* Begin XCVersionGroup section */
		5A0E7BC72C32FBEE005CF67E /* MoviesApp.xcdatamodeld */ = {
			isa = XCVersionGroup;
			children = (
				5A0E7BC82C32FBEE005CF67E /* MoviesApp.xcdatamodel */,
			);
			currentVersion = 5A0E7BC82C32FBEE005CF67E /* MoviesApp.xcdatamodel */;
			path = MoviesApp.xcdatamodeld;
			sourceTree = "<group>";
			versionGroupType = wrapper.xcdatamodel;
		};
/* End XCVersionGroup section */
	};
	rootObject = 5A0E7BB32C32FBEE005CF67E /* Project object */;
}
